// !$*UTF8*$!
{
	archiveVersion = 1;
	classes = {
	};
	objectVersion = 46;
	objects = {

/* Begin PBXBuildFile section */
		FB6FFB531A406A89009DAD75 /* main.m in Sources */ = {isa = PBXBuildFile; fileRef = FB6FFB521A406A89009DAD75 /* main.m */; };
		FB6FFB561A406A89009DAD75 /* AppDelegate.m in Sources */ = {isa = PBXBuildFile; fileRef = FB6FFB551A406A89009DAD75 /* AppDelegate.m */; };
		FB6FFB591A406A89009DAD75 /* ViewController.m in Sources */ = {isa = PBXBuildFile; fileRef = FB6FFB581A406A89009DAD75 /* ViewController.m */; };
		FB6FFB5C1A406A89009DAD75 /* Main.storyboard in Resources */ = {isa = PBXBuildFile; fileRef = FB6FFB5A1A406A89009DAD75 /* Main.storyboard */; };
		FB6FFB5E1A406A89009DAD75 /* Images.xcassets in Resources */ = {isa = PBXBuildFile; fileRef = FB6FFB5D1A406A89009DAD75 /* Images.xcassets */; };
		FB6FFB611A406A89009DAD75 /* LaunchScreen.xib in Resources */ = {isa = PBXBuildFile; fileRef = FB6FFB5F1A406A89009DAD75 /* LaunchScreen.xib */; };
		FB6FFB6D1A406A89009DAD75 /* Relap_SDK_ExampleTests.m in Sources */ = {isa = PBXBuildFile; fileRef = FB6FFB6C1A406A89009DAD75 /* Relap_SDK_ExampleTests.m */; };
/* End PBXBuildFile section */

/* Begin PBXContainerItemProxy section */
		FB6FFB671A406A89009DAD75 /* PBXContainerItemProxy */ = {
			isa = PBXContainerItemProxy;
			containerPortal = FB6FFB451A406A89009DAD75 /* Project object */;
			proxyType = 1;
			remoteGlobalIDString = FB6FFB4C1A406A89009DAD75;
			remoteInfo = "Relap SDK Example";
		};
/* End PBXContainerItemProxy section */

/* Begin PBXFileReference section */
		FB6FFB4D1A406A89009DAD75 /* Relap SDK Example.app */ = {isa = PBXFileReference; explicitFileType = wrapper.application; includeInIndex = 0; path = "Relap SDK Example.app"; sourceTree = BUILT_PRODUCTS_DIR; };
		FB6FFB511A406A89009DAD75 /* Info.plist */ = {isa = PBXFileReference; lastKnownFileType = text.plist.xml; path = Info.plist; sourceTree = "<group>"; };
		FB6FFB521A406A89009DAD75 /* main.m */ = {isa = PBXFileReference; lastKnownFileType = sourcecode.c.objc; path = main.m; sourceTree = "<group>"; };
		FB6FFB541A406A89009DAD75 /* AppDelegate.h */ = {isa = PBXFileReference; lastKnownFileType = sourcecode.c.h; path = AppDelegate.h; sourceTree = "<group>"; };
		FB6FFB551A406A89009DAD75 /* AppDelegate.m */ = {isa = PBXFileReference; lastKnownFileType = sourcecode.c.objc; path = AppDelegate.m; sourceTree = "<group>"; };
		FB6FFB571A406A89009DAD75 /* ViewController.h */ = {isa = PBXFileReference; lastKnownFileType = sourcecode.c.h; path = ViewController.h; sourceTree = "<group>"; };
		FB6FFB581A406A89009DAD75 /* ViewController.m */ = {isa = PBXFileReference; lastKnownFileType = sourcecode.c.objc; path = ViewController.m; sourceTree = "<group>"; };
		FB6FFB5B1A406A89009DAD75 /* Base */ = {isa = PBXFileReference; lastKnownFileType = file.storyboard; name = Base; path = Base.lproj/Main.storyboard; sourceTree = "<group>"; };
		FB6FFB5D1A406A89009DAD75 /* Images.xcassets */ = {isa = PBXFileReference; lastKnownFileType = folder.assetcatalog; path = Images.xcassets; sourceTree = "<group>"; };
		FB6FFB601A406A89009DAD75 /* Base */ = {isa = PBXFileReference; lastKnownFileType = file.xib; name = Base; path = Base.lproj/LaunchScreen.xib; sourceTree = "<group>"; };
		FB6FFB661A406A89009DAD75 /* Relap SDK ExampleTests.xctest */ = {isa = PBXFileReference; explicitFileType = wrapper.cfbundle; includeInIndex = 0; path = "Relap SDK ExampleTests.xctest"; sourceTree = BUILT_PRODUCTS_DIR; };
		FB6FFB6B1A406A89009DAD75 /* Info.plist */ = {isa = PBXFileReference; lastKnownFileType = text.plist.xml; path = Info.plist; sourceTree = "<group>"; };
		FB6FFB6C1A406A89009DAD75 /* Relap_SDK_ExampleTests.m */ = {isa = PBXFileReference; lastKnownFileType = sourcecode.c.objc; path = Relap_SDK_ExampleTests.m; sourceTree = "<group>"; };
/* End PBXFileReference section */

/* Begin PBXFrameworksBuildPhase section */
		FB6FFB4A1A406A89009DAD75 /* Frameworks */ = {
			isa = PBXFrameworksBuildPhase;
			buildActionMask = 2147483647;
			files = (
			);
			runOnlyForDeploymentPostprocessing = 0;
		};
		FB6FFB631A406A89009DAD75 /* Frameworks */ = {
			isa = PBXFrameworksBuildPhase;
			buildActionMask = 2147483647;
			files = (
			);
			runOnlyForDeploymentPostprocessing = 0;
		};
/* End PBXFrameworksBuildPhase section */

/* Begin PBXGroup section */
		FB6FFB441A406A89009DAD75 = {
			isa = PBXGroup;
			children = (
				FB6FFB4F1A406A89009DAD75 /* Relap SDK Example */,
				FB6FFB691A406A89009DAD75 /* Relap SDK ExampleTests */,
				FB6FFB4E1A406A89009DAD75 /* Products */,
			);
			sourceTree = "<group>";
		};
		FB6FFB4E1A406A89009DAD75 /* Products */ = {
			isa = PBXGroup;
			children = (
				FB6FFB4D1A406A89009DAD75 /* Relap SDK Example.app */,
				FB6FFB661A406A89009DAD75 /* Relap SDK ExampleTests.xctest */,
			);
			name = Products;
			sourceTree = "<group>";
		};
		FB6FFB4F1A406A89009DAD75 /* Relap SDK Example */ = {
			isa = PBXGroup;
			children = (
				FB6FFB541A406A89009DAD75 /* AppDelegate.h */,
				FB6FFB551A406A89009DAD75 /* AppDelegate.m */,
				FB6FFB571A406A89009DAD75 /* ViewController.h */,
				FB6FFB581A406A89009DAD75 /* ViewController.m */,
				FB6FFB5A1A406A89009DAD75 /* Main.storyboard */,
				FB6FFB5D1A406A89009DAD75 /* Images.xcassets */,
				FB6FFB5F1A406A89009DAD75 /* LaunchScreen.xib */,
				FB6FFB501A406A89009DAD75 /* Supporting Files */,
			);
			path = "Relap SDK Example";
			sourceTree = "<group>";
		};
		FB6FFB501A406A89009DAD75 /* Supporting Files */ = {
			isa = PBXGroup;
			children = (
				FB6FFB511A406A89009DAD75 /* Info.plist */,
				FB6FFB521A406A89009DAD75 /* main.m */,
			);
			name = "Supporting Files";
			sourceTree = "<group>";
		};
		FB6FFB691A406A89009DAD75 /* Relap SDK ExampleTests */ = {
			isa = PBXGroup;
			children = (
				FB6FFB6C1A406A89009DAD75 /* Relap_SDK_ExampleTests.m */,
				FB6FFB6A1A406A89009DAD75 /* Supporting Files */,
			);
			path = "Relap SDK ExampleTests";
			sourceTree = "<group>";
		};
		FB6FFB6A1A406A89009DAD75 /* Supporting Files */ = {
			isa = PBXGroup;
			children = (
				FB6FFB6B1A406A89009DAD75 /* Info.plist */,
			);
			name = "Supporting Files";
			sourceTree = "<group>";
		};
/* End PBXGroup section */

/* Begin PBXNativeTarget section */
		FB6FFB4C1A406A89009DAD75 /* Relap SDK Example */ = {
			isa = PBXNativeTarget;
			buildConfigurationList = FB6FFB701A406A89009DAD75 /* Build configuration list for PBXNativeTarget "Relap SDK Example" */;
			buildPhases = (
				FB6FFB491A406A89009DAD75 /* Sources */,
				FB6FFB4A1A406A89009DAD75 /* Frameworks */,
				FB6FFB4B1A406A89009DAD75 /* Resources */,
			);
			buildRules = (
			);
			dependencies = (
			);
			name = "Relap SDK Example";
			productName = "Relap SDK Example";
			productReference = FB6FFB4D1A406A89009DAD75 /* Relap SDK Example.app */;
			productType = "com.apple.product-type.application";
		};
		FB6FFB651A406A89009DAD75 /* Relap SDK ExampleTests */ = {
			isa = PBXNativeTarget;
			buildConfigurationList = FB6FFB731A406A89009DAD75 /* Build configuration list for PBXNativeTarget "Relap SDK ExampleTests" */;
			buildPhases = (
				FB6FFB621A406A89009DAD75 /* Sources */,
				FB6FFB631A406A89009DAD75 /* Frameworks */,
				FB6FFB641A406A89009DAD75 /* Resources */,
			);
			buildRules = (
			);
			dependencies = (
				FB6FFB681A406A89009DAD75 /* PBXTargetDependency */,
			);
			name = "Relap SDK ExampleTests";
			productName = "Relap SDK ExampleTests";
			productReference = FB6FFB661A406A89009DAD75 /* Relap SDK ExampleTests.xctest */;
			productType = "com.apple.product-type.bundle.unit-test";
		};
/* End PBXNativeTarget section */

/* Begin PBXProject section */
		FB6FFB451A406A89009DAD75 /* Project object */ = {
			isa = PBXProject;
			attributes = {
				LastUpgradeCheck = 0610;
				ORGANIZATIONNAME = Relap.io;
				TargetAttributes = {
					FB6FFB4C1A406A89009DAD75 = {
						CreatedOnToolsVersion = 6.1;
					};
					FB6FFB651A406A89009DAD75 = {
						CreatedOnToolsVersion = 6.1;
						TestTargetID = FB6FFB4C1A406A89009DAD75;
					};
				};
			};
			buildConfigurationList = FB6FFB481A406A89009DAD75 /* Build configuration list for PBXProject "Relap SDK Example" */;
			compatibilityVersion = "Xcode 3.2";
			developmentRegion = English;
			hasScannedForEncodings = 0;
			knownRegions = (
				en,
				Base,
			);
			mainGroup = FB6FFB441A406A89009DAD75;
			productRefGroup = FB6FFB4E1A406A89009DAD75 /* Products */;
			projectDirPath = "";
			projectRoot = "";
			targets = (
				FB6FFB4C1A406A89009DAD75 /* Relap SDK Example */,
				FB6FFB651A406A89009DAD75 /* Relap SDK ExampleTests */,
			);
		};
/* End PBXProject section */

/* Begin PBXResourcesBuildPhase section */
		FB6FFB4B1A406A89009DAD75 /* Resources */ = {
			isa = PBXResourcesBuildPhase;
			buildActionMask = 2147483647;
			files = (
				FB6FFB5C1A406A89009DAD75 /* Main.storyboard in Resources */,
				FB6FFB611A406A89009DAD75 /* LaunchScreen.xib in Resources */,
				FB6FFB5E1A406A89009DAD75 /* Images.xcassets in Resources */,
			);
			runOnlyForDeploymentPostprocessing = 0;
		};
		FB6FFB641A406A89009DAD75 /* Resources */ = {
			isa = PBXResourcesBuildPhase;
			buildActionMask = 2147483647;
			files = (
			);
			runOnlyForDeploymentPostprocessing = 0;
		};
/* End PBXResourcesBuildPhase section */

/* Begin PBXSourcesBuildPhase section */
		FB6FFB491A406A89009DAD75 /* Sources */ = {
			isa = PBXSourcesBuildPhase;
			buildActionMask = 2147483647;
			files = (
				FB6FFB591A406A89009DAD75 /* ViewController.m in Sources */,
				FB6FFB561A406A89009DAD75 /* AppDelegate.m in Sources */,
				FB6FFB531A406A89009DAD75 /* main.m in Sources */,
			);
			runOnlyForDeploymentPostprocessing = 0;
		};
		FB6FFB621A406A89009DAD75 /* Sources */ = {
			isa = PBXSourcesBuildPhase;
			buildActionMask = 2147483647;
			files = (
				FB6FFB6D1A406A89009DAD75 /* Relap_SDK_ExampleTests.m in Sources */,
			);
			runOnlyForDeploymentPostprocessing = 0;
		};
/* End PBXSourcesBuildPhase section */

/* Begin PBXTargetDependency section */
		FB6FFB681A406A89009DAD75 /* PBXTargetDependency */ = {
			isa = PBXTargetDependency;
			target = FB6FFB4C1A406A89009DAD75 /* Relap SDK Example */;
			targetProxy = FB6FFB671A406A89009DAD75 /* PBXContainerItemProxy */;
		};
/* End PBXTargetDependency section */

/* Begin PBXVariantGroup section */
		FB6FFB5A1A406A89009DAD75 /* Main.storyboard */ = {
			isa = PBXVariantGroup;
			children = (
				FB6FFB5B1A406A89009DAD75 /* Base */,
			);
			name = Main.storyboard;
			sourceTree = "<group>";
		};
		FB6FFB5F1A406A89009DAD75 /* LaunchScreen.xib */ = {
			isa = PBXVariantGroup;
			children = (
				FB6FFB601A406A89009DAD75 /* Base */,
			);
			name = LaunchScreen.xib;
			sourceTree = "<group>";
		};
/* End PBXVariantGroup section */

/* Begin XCBuildConfiguration section */
		FB6FFB6E1A406A89009DAD75 /* Debug */ = {
			isa = XCBuildConfiguration;
			buildSettings = {
				ALWAYS_SEARCH_USER_PATHS = NO;
				CLANG_CXX_LANGUAGE_STANDARD = "gnu++0x";
				CLANG_CXX_LIBRARY = "libc++";
				CLANG_ENABLE_MODULES = YES;
				CLANG_ENABLE_OBJC_ARC = YES;
				CLANG_WARN_BOOL_CONVERSION = YES;
				CLANG_WARN_CONSTANT_CONVERSION = YES;
				CLANG_WARN_DIRECT_OBJC_ISA_USAGE = YES_ERROR;
				CLANG_WARN_EMPTY_BODY = YES;
				CLANG_WARN_ENUM_CONVERSION = YES;
				CLANG_WARN_INT_CONVERSION = YES;
				CLANG_WARN_OBJC_ROOT_CLASS = YES_ERROR;
				CLANG_WARN_UNREACHABLE_CODE = YES;
				CLANG_WARN__DUPLICATE_METHOD_MATCH = YES;
				"CODE_SIGN_IDENTITY[sdk=iphoneos*]" = "iPhone Developer";
				COPY_PHASE_STRIP = NO;
				ENABLE_STRICT_OBJC_MSGSEND = YES;
				GCC_C_LANGUAGE_STANDARD = gnu99;
				GCC_DYNAMIC_NO_PIC = NO;
				GCC_OPTIMIZATION_LEVEL = 0;
				GCC_PREPROCESSOR_DEFINITIONS = (
					"DEBUG=1",
					"$(inherited)",
				);
				GCC_SYMBOLS_PRIVATE_EXTERN = NO;
				GCC_WARN_64_TO_32_BIT_CONVERSION = YES;
				GCC_WARN_ABOUT_RETURN_TYPE = YES_ERROR;
				GCC_WARN_UNDECLARED_SELECTOR = YES;
				GCC_WARN_UNINITIALIZED_AUTOS = YES_AGGRESSIVE;
				GCC_WARN_UNUSED_FUNCTION = YES;
				GCC_WARN_UNUSED_VARIABLE = YES;
				IPHONEOS_DEPLOYMENT_TARGET = 8.1;
				MTL_ENABLE_DEBUG_INFO = YES;
				ONLY_ACTIVE_ARCH = YES;
				SDKROOT = iphoneos;
			};
			name = Debug;
		};
		FB6FFB6F1A406A89009DAD75 /* Release */ = {
			isa = XCBuildConfiguration;
			buildSettings = {
				ALWAYS_SEARCH_USER_PATHS = NO;
				CLANG_CXX_LANGUAGE_STANDARD = "gnu++0x";
				CLANG_CXX_LIBRARY = "libc++";
				CLANG_ENABLE_MODULES = YES;
				CLANG_ENABLE_OBJC_ARC = YES;
				CLANG_WARN_BOOL_CONVERSION = YES;
				CLANG_WARN_CONSTANT_CONVERSION = YES;
				CLANG_WARN_DIRECT_OBJC_ISA_USAGE = YES_ERROR;
				CLANG_WARN_EMPTY_BODY = YES;
				CLANG_WARN_ENUM_CONVERSION = YES;
				CLANG_WARN_INT_CONVERSION = YES;
				CLANG_WARN_OBJC_ROOT_CLASS = YES_ERROR;
				CLANG_WARN_UNREACHABLE_CODE = YES;
				CLANG_WARN__DUPLICATE_METHOD_MATCH = YES;
				"CODE_SIGN_IDENTITY[sdk=iphoneos*]" = "iPhone Developer";
				COPY_PHASE_STRIP = YES;
				ENABLE_NS_ASSERTIONS = NO;
				ENABLE_STRICT_OBJC_MSGSEND = YES;
				GCC_C_LANGUAGE_STANDARD = gnu99;
				GCC_WARN_64_TO_32_BIT_CONVERSION = YES;
				GCC_WARN_ABOUT_RETURN_TYPE = YES_ERROR;
				GCC_WARN_UNDECLARED_SELECTOR = YES;
				GCC_WARN_UNINITIALIZED_AUTOS = YES_AGGRESSIVE;
				GCC_WARN_UNUSED_FUNCTION = YES;
				GCC_WARN_UNUSED_VARIABLE = YES;
				IPHONEOS_DEPLOYMENT_TARGET = 8.1;
				MTL_ENABLE_DEBUG_INFO = NO;
				SDKROOT = iphoneos;
				VALIDATE_PRODUCT = YES;
			};
			name = Release;
		};
		FB6FFB711A406A89009DAD75 /* Debug */ = {
			isa = XCBuildConfiguration;
			buildSettings = {
				ASSETCATALOG_COMPILER_APPICON_NAME = AppIcon;
				INFOPLIST_FILE = "Relap SDK Example/Info.plist";
				LD_RUNPATH_SEARCH_PATHS = "$(inherited) @executable_path/Frameworks";
				PRODUCT_NAME = "$(TARGET_NAME)";
			};
			name = Debug;
		};
		FB6FFB721A406A89009DAD75 /* Release */ = {
			isa = XCBuildConfiguration;
			buildSettings = {
				ASSETCATALOG_COMPILER_APPICON_NAME = AppIcon;
				INFOPLIST_FILE = "Relap SDK Example/Info.plist";
				LD_RUNPATH_SEARCH_PATHS = "$(inherited) @executable_path/Frameworks";
				PRODUCT_NAME = "$(TARGET_NAME)";
			};
			name = Release;
		};
		FB6FFB741A406A89009DAD75 /* Debug */ = {
			isa = XCBuildConfiguration;
			buildSettings = {
				BUNDLE_LOADER = "$(TEST_HOST)";
				FRAMEWORK_SEARCH_PATHS = (
					"$(SDKROOT)/Developer/Library/Frameworks",
					"$(inherited)",
				);
				GCC_PREPROCESSOR_DEFINITIONS = (
					"DEBUG=1",
					"$(inherited)",
				);
				INFOPLIST_FILE = "Relap SDK ExampleTests/Info.plist";
				LD_RUNPATH_SEARCH_PATHS = "$(inherited) @executable_path/Frameworks @loader_path/Frameworks";
				PRODUCT_NAME = "$(TARGET_NAME)";
				TEST_HOST = "$(BUILT_PRODUCTS_DIR)/Relap SDK Example.app/Relap SDK Example";
			};
			name = Debug;
		};
		FB6FFB751A406A89009DAD75 /* Release */ = {
			isa = XCBuildConfiguration;
			buildSettings = {
				BUNDLE_LOADER = "$(TEST_HOST)";
				FRAMEWORK_SEARCH_PATHS = (
					"$(SDKROOT)/Developer/Library/Frameworks",
					"$(inherited)",
				);
				INFOPLIST_FILE = "Relap SDK ExampleTests/Info.plist";
				LD_RUNPATH_SEARCH_PATHS = "$(inherited) @executable_path/Frameworks @loader_path/Frameworks";
				PRODUCT_NAME = "$(TARGET_NAME)";
				TEST_HOST = "$(BUILT_PRODUCTS_DIR)/Relap SDK Example.app/Relap SDK Example";
			};
			name = Release;
		};
/* End XCBuildConfiguration section */

/* Begin XCConfigurationList section */
		FB6FFB481A406A89009DAD75 /* Build configuration list for PBXProject "Relap SDK Example" */ = {
			isa = XCConfigurationList;
			buildConfigurations = (
				FB6FFB6E1A406A89009DAD75 /* Debug */,
				FB6FFB6F1A406A89009DAD75 /* Release */,
			);
			defaultConfigurationIsVisible = 0;
			defaultConfigurationName = Release;
		};
		FB6FFB701A406A89009DAD75 /* Build configuration list for PBXNativeTarget "Relap SDK Example" */ = {
			isa = XCConfigurationList;
			buildConfigurations = (
				FB6FFB711A406A89009DAD75 /* Debug */,
				FB6FFB721A406A89009DAD75 /* Release */,
			);
			defaultConfigurationIsVisible = 0;
		};
		FB6FFB731A406A89009DAD75 /* Build configuration list for PBXNativeTarget "Relap SDK ExampleTests" */ = {
			isa = XCConfigurationList;
			buildConfigurations = (
				FB6FFB741A406A89009DAD75 /* Debug */,
				FB6FFB751A406A89009DAD75 /* Release */,
			);
			defaultConfigurationIsVisible = 0;
		};
/* End XCConfigurationList section */
	};
	rootObject = FB6FFB451A406A89009DAD75 /* Project object */;
}
